
Microsoft Visual Studio Solution File, Format Version 12.00
# Visual Studio Version 17
VisualStudioVersion = 17.10.35013.160
MinimumVisualStudioVersion = 10.0.40219.1
Project("{9A19103F-16F7-4668-BE54-9A1E7A4F7556}") = "Web", "src\WebAPI\Web.csproj", "{FDA4EE5B-A7BE-41FB-B25F-5C8A733C094D}"
EndProject
Project("{2150E333-8FDC-42A3-9474-1A3956D46DE8}") = "src", "src", "{07E82324-6E5E-4B81-A7A0-FB1EF1E573A0}"
EndProject
Project("{2150E333-8FDC-42A3-9474-1A3956D46DE8}") = "test", "test", "{0DBABB22-AE2B-46E5-BB5C-C94102EB6130}"
EndProject
Project("{9A19103F-16F7-4668-BE54-9A1E7A4F7556}") = "Domain", "src\Domain\Domain.csproj", "{F8748914-E7D2-4C0F-8789-5FC5C863E796}"
EndProject
Project("{9A19103F-16F7-4668-BE54-9A1E7A4F7556}") = "Application", "src\Application\Application.csproj", "{261ECF44-BC09-4D93-9125-B19EA11ED73F}"
EndProject
Project("{9A19103F-16F7-4668-BE54-9A1E7A4F7556}") = "Persistence", "src\Persistence\Persistence.csproj", "{5A094086-175F-41D2-A301-9EE839979787}"
EndProject
Project("{9A19103F-16F7-4668-BE54-9A1E7A4F7556}") = "Infrastructure", "src\Infrastructure\Infrastructure.csproj", "{FB7E9B3F-47DB-432F-A4EB-79C2E54260F3}"
EndProject
Global
	GlobalSection(SolutionConfigurationPlatforms) = preSolution
		Debug|Any CPU = Debug|Any CPU
		Release|Any CPU = Release|Any CPU
	EndGlobalSection
	GlobalSection(ProjectConfigurationPlatforms) = postSolution
		{FDA4EE5B-A7BE-41FB-B25F-5C8A733C094D}.Debug|Any CPU.ActiveCfg = Debug|Any CPU
		{FDA4EE5B-A7BE-41FB-B25F-5C8A733C094D}.Debug|Any CPU.Build.0 = Debug|Any CPU
		{FDA4EE5B-A7BE-41FB-B25F-5C8A733C094D}.Release|Any CPU.ActiveCfg = Release|Any CPU
		{FDA4EE5B-A7BE-41FB-B25F-5C8A733C094D}.Release|Any CPU.Build.0 = Release|Any CPU
		{F8748914-E7D2-4C0F-8789-5FC5C863E796}.Debug|Any CPU.ActiveCfg = Debug|Any CPU
		{F8748914-E7D2-4C0F-8789-5FC5C863E796}.Debug|Any CPU.Build.0 = Debug|Any CPU
		{F8748914-E7D2-4C0F-8789-5FC5C863E796}.Release|Any CPU.ActiveCfg = Release|Any CPU
		{F8748914-E7D2-4C0F-8789-5FC5C863E796}.Release|Any CPU.Build.0 = Release|Any CPU
		{261ECF44-BC09-4D93-9125-B19EA11ED73F}.Debug|Any CPU.ActiveCfg = Debug|Any CPU
		{261ECF44-BC09-4D93-9125-B19EA11ED73F}.Debug|Any CPU.Build.0 = Debug|Any CPU
		{261ECF44-BC09-4D93-9125-B19EA11ED73F}.Release|Any CPU.ActiveCfg = Release|Any CPU
		{261ECF44-BC09-4D93-9125-B19EA11ED73F}.Release|Any CPU.Build.0 = Release|Any CPU
		{5A094086-175F-41D2-A301-9EE839979787}.Debug|Any CPU.ActiveCfg = Debug|Any CPU
		{5A094086-175F-41D2-A301-9EE839979787}.Debug|Any CPU.Build.0 = Debug|Any CPU
		{5A094086-175F-41D2-A301-9EE839979787}.Release|Any CPU.ActiveCfg = Release|Any CPU
		{5A094086-175F-41D2-A301-9EE839979787}.Release|Any CPU.Build.0 = Release|Any CPU
		{FB7E9B3F-47DB-432F-A4EB-79C2E54260F3}.Debug|Any CPU.ActiveCfg = Debug|Any CPU
		{FB7E9B3F-47DB-432F-A4EB-79C2E54260F3}.Debug|Any CPU.Build.0 = Debug|Any CPU
		{FB7E9B3F-47DB-432F-A4EB-79C2E54260F3}.Release|Any CPU.ActiveCfg = Release|Any CPU
		{FB7E9B3F-47DB-432F-A4EB-79C2E54260F3}.Release|Any CPU.Build.0 = Release|Any CPU
	EndGlobalSection
	GlobalSection(SolutionProperties) = preSolution
		HideSolutionNode = FALSE
	EndGlobalSection
	GlobalSection(NestedProjects) = preSolution
		{FDA4EE5B-A7BE-41FB-B25F-5C8A733C094D} = {07E82324-6E5E-4B81-A7A0-FB1EF1E573A0}
		{F8748914-E7D2-4C0F-8789-5FC5C863E796} = {07E82324-6E5E-4B81-A7A0-FB1EF1E573A0}
		{261ECF44-BC09-4D93-9125-B19EA11ED73F} = {07E82324-6E5E-4B81-A7A0-FB1EF1E573A0}
		{5A094086-175F-41D2-A301-9EE839979787} = {07E82324-6E5E-4B81-A7A0-FB1EF1E573A0}
		{FB7E9B3F-47DB-432F-A4EB-79C2E54260F3} = {07E82324-6E5E-4B81-A7A0-FB1EF1E573A0}
	EndGlobalSection
	GlobalSection(ExtensibilityGlobals) = postSolution
		SolutionGuid = {FCD1B73A-0F4B-4D90-A084-0F23C1796637}
	EndGlobalSection
EndGlobal
